lockfileVersion: '9.0'

settings:
  autoInstallPeers: true
  excludeLinksFromLockfile: false

importers:

  .:
    devDependencies:
      discord-api-types:
        specifier: ^0.38.29
        version: 0.38.29

packages:

  discord-api-types@0.38.29:
    resolution: {integrity: sha512-+5BfrjLJN1hrrcK0MxDQli6NSv5lQH7Y3/qaOfk9+k7itex8RkA/UcevVMMLe8B4IKIawr4ITBTb2fBB2vDORg==}

snapshots:

  discord-api-types@0.38.29: {}
